
Microsoft Visual Studio Solution File, Format Version 12.00
# Visual Studio Version 16
VisualStudioVersion = 16.6.30114.105
MinimumVisualStudioVersion = 10.0.40219.1
Project("{2150E333-8FDC-42A3-9474-1A3956D46DE8}") = "Solution Items", "Solution Items", "{B2F3AE9C-E5BD-4DD8-9FD0-EA226E3C510E}"
	ProjectSection(SolutionItems) = preProject
		.editorconfig = .editorconfig
	EndProjectSection
EndProject
Project("{9A19103F-16F7-4668-BE54-9A1E7A4F7556}") = "YukinoshitaBot", "YukinoshitaBot\YukinoshitaBot.csproj", "{B6556B8F-9986-40DB-9145-D3BCF04D87C0}"
EndProject
Global
	GlobalSection(SolutionConfigurationPlatforms) = preSolution
		Debug|Any CPU = Debug|Any CPU
		Release|Any CPU = Release|Any CPU
	EndGlobalSection
	GlobalSection(ProjectConfigurationPlatforms) = postSolution
		{B6556B8F-9986-40DB-9145-D3BCF04D87C0}.Debug|Any CPU.ActiveCfg = Debug|Any CPU
		{B6556B8F-9986-40DB-9145-D3BCF04D87C0}.Debug|Any CPU.Build.0 = Debug|Any CPU
		{B6556B8F-9986-40DB-9145-D3BCF04D87C0}.Release|Any CPU.ActiveCfg = Release|Any CPU
		{B6556B8F-9986-40DB-9145-D3BCF04D87C0}.Release|Any CPU.Build.0 = Release|Any CPU
	EndGlobalSection
	GlobalSection(SolutionProperties) = preSolution
		HideSolutionNode = FALSE
	EndGlobalSection
	GlobalSection(ExtensibilityGlobals) = postSolution
		SolutionGuid = {5A5E4D54-7C9E-4B2D-9AFD-6D7B063702EE}
	EndGlobalSection
EndGlobal
